# THIS IS AN AUTOGENERATED FILE. DO NOT EDIT THIS FILE DIRECTLY.
# yarn lockfile v1


"@ffmpeg-installer/darwin-arm64@4.1.5":
  version "4.1.5"
  resolved "https://registry.yarnpkg.com/@ffmpeg-installer/darwin-arm64/-/darwin-arm64-4.1.5.tgz#b7b5c262dd96d1aea4807514e1cdcf6e11f82743"
  integrity sha512-hYqTiP63mXz7wSQfuqfFwfLOfwwFChUedeCVKkBtl/cliaTM7/ePI9bVzfZ2c+dWu3TqCwLDRWNSJ5pqZl8otA==

"@ffmpeg-installer/darwin-x64@4.1.0":
  version "4.1.0"
  resolved "https://registry.yarnpkg.com/@ffmpeg-installer/darwin-x64/-/darwin-x64-4.1.0.tgz#48e1706c690e628148482bfb64acb67472089aaa"
  integrity sha512-Z4EyG3cIFjdhlY8wI9aLUXuH8nVt7E9SlMVZtWvSPnm2sm37/yC2CwjUzyCQbJbySnef1tQwGG2Sx+uWhd9IAw==

"@ffmpeg-installer/ffmpeg@^1.1.0":
  version "1.1.0"
  resolved "https://registry.yarnpkg.com/@ffmpeg-installer/ffmpeg/-/ffmpeg-1.1.0.tgz#87fdb9e7d180e8d78f7903f9441e36f978938a90"
  integrity sha512-Uq4rmwkdGxIa9A6Bd/VqqYbT7zqh1GrT5/rFwCwKM70b42W5gIjWeVETq6SdcL0zXqDtY081Ws/iJWhr1+xvQg==
  optionalDependencies:
    "@ffmpeg-installer/darwin-arm64" "4.1.5"
    "@ffmpeg-installer/darwin-x64" "4.1.0"
    "@ffmpeg-installer/linux-arm" "4.1.3"
    "@ffmpeg-installer/linux-arm64" "4.1.4"
    "@ffmpeg-installer/linux-ia32" "4.1.0"
    "@ffmpeg-installer/linux-x64" "4.1.0"
    "@ffmpeg-installer/win32-ia32" "4.1.0"
    "@ffmpeg-installer/win32-x64" "4.1.0"

"@ffmpeg-installer/linux-arm64@4.1.4":
  version "4.1.4"
  resolved "https://registry.yarnpkg.com/@ffmpeg-installer/linux-arm64/-/linux-arm64-4.1.4.tgz#7219f3f901bb67f7926cb060b56b6974a6cad29f"
  integrity sha512-dljEqAOD0oIM6O6DxBW9US/FkvqvQwgJ2lGHOwHDDwu/pX8+V0YsDL1xqHbj1DMX/+nP9rxw7G7gcUvGspSoKg==

"@ffmpeg-installer/linux-arm@4.1.3":
  version "4.1.3"
  resolved "https://registry.yarnpkg.com/@ffmpeg-installer/linux-arm/-/linux-arm-4.1.3.tgz#c554f105ed5f10475ec25d7bec94926ce18db4c1"
  integrity sha512-NDf5V6l8AfzZ8WzUGZ5mV8O/xMzRag2ETR6+TlGIsMHp81agx51cqpPItXPib/nAZYmo55Bl2L6/WOMI3A5YRg==

"@ffmpeg-installer/linux-ia32@4.1.0":
  version "4.1.0"
  resolved "https://registry.yarnpkg.com/@ffmpeg-installer/linux-ia32/-/linux-ia32-4.1.0.tgz#adad70b0d0d9d8d813983d6e683c5a338a75e442"
  integrity sha512-0LWyFQnPf+Ij9GQGD034hS6A90URNu9HCtQ5cTqo5MxOEc7Rd8gLXrJvn++UmxhU0J5RyRE9KRYstdCVUjkNOQ==

"@ffmpeg-installer/linux-x64@4.1.0":
  version "4.1.0"
  resolved "https://registry.yarnpkg.com/@ffmpeg-installer/linux-x64/-/linux-x64-4.1.0.tgz#b4a5d89c4e12e6d9306dbcdc573df716ec1c4323"
  integrity sha512-Y5BWhGLU/WpQjOArNIgXD3z5mxxdV8c41C+U15nsE5yF8tVcdCGet5zPs5Zy3Ta6bU7haGpIzryutqCGQA/W8A==

"@ffmpeg-installer/win32-ia32@4.1.0":
  version "4.1.0"
  resolved "https://registry.yarnpkg.com/@ffmpeg-installer/win32-ia32/-/win32-ia32-4.1.0.tgz#6eac4fb691b64c02e7a116c1e2d167f3e9b40638"
  integrity sha512-FV2D7RlaZv/lrtdhaQ4oETwoFUsUjlUiasiZLDxhEUPdNDWcH1OU9K1xTvqz+OXLdsmYelUDuBS/zkMOTtlUAw==

"@ffmpeg-installer/win32-x64@4.1.0":
  version "4.1.0"
  resolved "https://registry.yarnpkg.com/@ffmpeg-installer/win32-x64/-/win32-x64-4.1.0.tgz#17e8699b5798d4c60e36e2d6326a8ebe5e95a2c5"
  integrity sha512-Drt5u2vzDnIONf4ZEkKtFlbvwj6rI3kxw1Ck9fpudmtgaZIHD4ucsWB2lCZBXRxJgXR+2IMSti+4rtM4C4rXgg==

"@ffprobe-installer/darwin-arm64@5.0.1":
  version "5.0.1"
  resolved "https://registry.yarnpkg.com/@ffprobe-installer/darwin-arm64/-/darwin-arm64-5.0.1.tgz#a020a623955d55aa8daf45cb668c3044876b553b"
  integrity sha512-vwNCNjokH8hfkbl6m95zICHwkSzhEvDC3GVBcUp5HX8+4wsX10SP3B+bGur7XUzTIZ4cQpgJmEIAx6TUwRepMg==

"@ffprobe-installer/darwin-x64@5.1.0":
  version "5.1.0"
  resolved "https://registry.yarnpkg.com/@ffprobe-installer/darwin-x64/-/darwin-x64-5.1.0.tgz#f52316ac0bbe6f4ac70fdaea8db259ba4a055b00"
  integrity sha512-J+YGscZMpQclFg31O4cfVRGmDpkVsQ2fZujoUdMAAYcP0NtqpC49Hs3SWJpBdsGB4VeqOt5TTm1vSZQzs1NkhA==

"@ffprobe-installer/ffprobe@^2.1.1":
  version "2.1.1"
  resolved "https://registry.yarnpkg.com/@ffprobe-installer/ffprobe/-/ffprobe-2.1.1.tgz#2e6e3766492ee4e9a19ec0abbea1ee32555be50a"
  integrity sha512-v4nAFp70Gv7yyEvjvlGTOrYn1atjFi6Z9vpGpGvWAiCXL6vnL88gBeIyJ4hY01G/XOw1LVuq1vjUM3gQzxMmIA==
  optionalDependencies:
    "@ffprobe-installer/darwin-arm64" "5.0.1"
    "@ffprobe-installer/darwin-x64" "5.1.0"
    "@ffprobe-installer/linux-arm" "5.1.0"
    "@ffprobe-installer/linux-arm64" "5.1.0"
    "@ffprobe-installer/linux-ia32" "5.1.0"
    "@ffprobe-installer/linux-x64" "5.1.0"
    "@ffprobe-installer/win32-ia32" "5.1.0"
    "@ffprobe-installer/win32-x64" "5.1.0"

"@ffprobe-installer/linux-arm64@5.1.0":
  version "5.1.0"
  resolved "https://registry.yarnpkg.com/@ffprobe-installer/linux-arm64/-/linux-arm64-5.1.0.tgz#0120872eab1ba8e48cce1cc71e396e707aa0cba2"
  integrity sha512-u5b3r3/39eZmEV0X4OKUfp6gO3lOyVIpRO4WU+5Eb6omWYy+k0OkVbRffK4qJF1Uz8irwzyiDsmUZ6vE13/abQ==

"@ffprobe-installer/linux-arm@5.1.0":
  version "5.1.0"
  resolved "https://registry.yarnpkg.com/@ffprobe-installer/linux-arm/-/linux-arm-5.1.0.tgz#5cf3e5015309671b40101fb0669877822c4e333e"
  integrity sha512-y34AEive/M5/++RcuRJZciICYYRkmTh5gK6th7raydgfQhIYy/8AXAIGKqD5Hn855i6o/RpEIPjk7DWpEuwrdA==

"@ffprobe-installer/linux-ia32@5.1.0":
  version "5.1.0"
  resolved "https://registry.yarnpkg.com/@ffprobe-installer/linux-ia32/-/linux-ia32-5.1.0.tgz#c0d06827d11747e5392206c19389313e1fcaad99"
  integrity sha512-Uqk4sYYQxz0KQmEQ2xxbVu/KiDX7Pw6wRDpCYv0sW49GI3wpX2Umqi/Kmtr0tpCvxctVoCdf/U71EAxH2Lztdg==

"@ffprobe-installer/linux-x64@5.1.0":
  version "5.1.0"
  resolved "https://registry.yarnpkg.com/@ffprobe-installer/linux-x64/-/linux-x64-5.1.0.tgz#ef575d1e55ea3ed26646d5be5b071235a56f6de6"
  integrity sha512-r7cGOjNb8AMnKAEvz5f8N/WsWsre02LhAfDKZX0m5J0bsrYgs2HUlnnQiwjRCH9CYXYerjYqq592o/GXvxDS+Q==

"@ffprobe-installer/win32-ia32@5.1.0":
  version "5.1.0"
  resolved "https://registry.yarnpkg.com/@ffprobe-installer/win32-ia32/-/win32-ia32-5.1.0.tgz#43b1462b9d89570fe3723c20b66bab684516751a"
  integrity sha512-5O3vOoNRxmut0/Nu9vSazTdSHasrr+zPT2B3Hm7kjmO3QVFcIfVImS6ReQnZeSy8JPJOqXts5kX5x/3KOX54XQ==

"@ffprobe-installer/win32-x64@5.1.0":
  version "5.1.0"
  resolved "https://registry.yarnpkg.com/@ffprobe-installer/win32-x64/-/win32-x64-5.1.0.tgz#87841123e8b903cc327f1e5b9aa69e5d2fbe6d7b"
  integrity sha512-jMGYeAgkrdn4e2vvYt/qakgHRE3CPju4bn5TmdPfoAm1BlX1mY9cyMd8gf5vSzI8gH8Zq5WQAyAkmekX/8TSTg==
